
Microsoft Visual Studio Solution File, Format Version 12.00
# Visual Studio Version 16
VisualStudioVersion = 16.0.35229.62
MinimumVisualStudioVersion = 10.0.40219.1
Project("{FAE04EC0-301F-11D3-BF4B-00C04F79EFBC}") = "Backup", "Backup\Backup.csproj", "{A8661BEF-78E8-4C33-B51B-8B36C1169DBA}"
EndProject
Project("{FAE04EC0-301F-11D3-BF4B-00C04F79EFBC}") = "BackupService", "BackupService\BackupService.csproj", "{4AAE5F4B-7907-4609-9F0B-6C5A2217CF82}"
EndProject
Global
	GlobalSection(SolutionConfigurationPlatforms) = preSolution
		Debug|Any CPU = Debug|Any CPU
		Release|Any CPU = Release|Any CPU
	EndGlobalSection
	GlobalSection(ProjectConfigurationPlatforms) = postSolution
		{A8661BEF-78E8-4C33-B51B-8B36C1169DBA}.Debug|Any CPU.ActiveCfg = Debug|Any CPU
		{A8661BEF-78E8-4C33-B51B-8B36C1169DBA}.Debug|Any CPU.Build.0 = Debug|Any CPU
		{A8661BEF-78E8-4C33-B51B-8B36C1169DBA}.Release|Any CPU.ActiveCfg = Release|Any CPU
		{A8661BEF-78E8-4C33-B51B-8B36C1169DBA}.Release|Any CPU.Build.0 = Release|Any CPU
		{4AAE5F4B-7907-4609-9F0B-6C5A2217CF82}.Debug|Any CPU.ActiveCfg = Debug|Any CPU
		{4AAE5F4B-7907-4609-9F0B-6C5A2217CF82}.Debug|Any CPU.Build.0 = Debug|Any CPU
		{4AAE5F4B-7907-4609-9F0B-6C5A2217CF82}.Release|Any CPU.ActiveCfg = Release|Any CPU
		{4AAE5F4B-7907-4609-9F0B-6C5A2217CF82}.Release|Any CPU.Build.0 = Release|Any CPU
	EndGlobalSection
	GlobalSection(SolutionProperties) = preSolution
		HideSolutionNode = FALSE
	EndGlobalSection
	GlobalSection(ExtensibilityGlobals) = postSolution
		SolutionGuid = {31775E93-2C84-4C77-A4B7-0C760B1A50A9}
	EndGlobalSection
EndGlobal
